{
  "name": "pxephotos",
  "lockfileVersion": 3,
  "requires": true,
  "packages": {
    "": {
      "dependencies": {
        "@tsparticles/react": "^4.3.0"
      }
    },
    "node_modules/@tsparticles/engine": {
      "version": "4.3.0",
      "resolved": "https://registry.npmjs.org/@tsparticles/engine/-/engine-4.3.0.tgz",
      "integrity": "sha512-F8fhSEMl/HUpB2mKw+6vkXreEGEoQUezIywqpWMgBiMuTLbIIvo8U19STFhebM3rD8zxpXrZpnfZoyvEf95a+Q==",
      "funding": [
        {
          "type": "github",
          "url": "https://github.com/sponsors/matteobruni"
        },
        {
          "type": "github",
          "url": "https://github.com/sponsors/tsparticles"
        },
        {
          "type": "buymeacoffee",
          "url": "https://www.buymeacoffee.com/matteobruni"
        }
      ],
      "hasInstallScript": true,
      "license": "MIT",
      "peer": true
    },
    "node_modules/@tsparticles/react": {
      "version": "4.3.0",
      "resolved": "https://registry.npmjs.org/@tsparticles/react/-/react-4.3.0.tgz",
      "integrity": "sha512-Bcsb9MBp1rUlYYpG9eCo4wVpQYupgEYc5oOnNRAnBScqDTlJX39uo4YIYD91qXnIrh4axbNbvf7+o45q76yw5A==",
      "license": "MIT",
      "peerDependencies": {
        "@tsparticles/engine": "4.3.0",
        "react": ">=16.8.0",
        "react-dom": ">=16.8.0"
      }
    },
    "node_modules/react": {
      "version": "19.2.7",
      "resolved": "https://registry.npmjs.org/react/-/react-19.2.7.tgz",
      "integrity": "sha512-HNe9WslTbXmFK8o8cmwgAeJFSBvt1bPdHCVKtaaV+WlAN36mpT4hcRpwbf3fY56ar2oIXzsBpOAiIRHAdY0OlQ==",
      "license": "MIT",
      "peer": true,
      "engines": {
        "node": ">=0.10.0"
      }
    },
    "node_modules/react-dom": {
      "version": "19.2.7",
      "resolved": "https://registry.npmjs.org/react-dom/-/react-dom-19.2.7.tgz",
      "integrity": "sha512-t0BRVXvbiE/o20Hfw669rLbMCDWtYZLvmJigy2f0MxsXF+71pxhR3xOkspmsO8h3ZlNzyibAmtCa3l4lYKk6gQ==",
      "license": "MIT",
      "peer": true,
      "dependencies": {
        "scheduler": "^0.27.0"
      },
      "peerDependencies": {
        "react": "^19.2.7"
      }
    },
    "node_modules/scheduler": {
      "version": "0.27.0",
      "resolved": "https://registry.npmjs.org/scheduler/-/scheduler-0.27.0.tgz",
      "integrity": "sha512-eNv+WrVbKu1f3vbYJT/xtiF5syA5HPIMtf9IgY/nKg0sWqzAUEvqY/xm7OcZc/qafLx/iO9FgOmeSAp4v5ti/Q==",
      "license": "MIT",
      "peer": true
    }
  }
}
